
Microsoft Visual Studio Solution File, Format Version 12.00
# Visual Studio Version 16
VisualStudioVersion = 16.0.30011.22
MinimumVisualStudioVersion = 10.0.40219.1
Project("{FAE04EC0-301F-11D3-BF4B-00C04F79EFBC}") = "PracticeNewProject", "PracticeNewProject\PracticeNewProject.csproj", "{28AD5841-2C9D-415F-AEB9-500F0E2BC552}"
EndProject
Global
	GlobalSection(SolutionConfigurationPlatforms) = preSolution
		Debug|Any CPU = Debug|Any CPU
		Release|Any CPU = Release|Any CPU
	EndGlobalSection
	GlobalSection(ProjectConfigurationPlatforms) = postSolution
		{28AD5841-2C9D-415F-AEB9-500F0E2BC552}.Debug|Any CPU.ActiveCfg = Debug|Any CPU
		{28AD5841-2C9D-415F-AEB9-500F0E2BC552}.Debug|Any CPU.Build.0 = Debug|Any CPU
		{28AD5841-2C9D-415F-AEB9-500F0E2BC552}.Release|Any CPU.ActiveCfg = Release|Any CPU
		{28AD5841-2C9D-415F-AEB9-500F0E2BC552}.Release|Any CPU.Build.0 = Release|Any CPU
	EndGlobalSection
	GlobalSection(SolutionProperties) = preSolution
		HideSolutionNode = FALSE
	EndGlobalSection
	GlobalSection(ExtensibilityGlobals) = postSolution
		SolutionGuid = {316398BF-30C4-45B5-938C-27D63712BB31}
	EndGlobalSection
EndGlobal
